# Generated by pub
# See http://pub.dartlang.org/doc/glossary.html#lockfile
packages:
  args:
    description:
      name: args
      url: "https://pub.dartlang.org"
    source: hosted
    version: "1.4.3"
  browser:
    description:
      name: browser
      url: "https://pub.dartlang.org"
    source: hosted
    version: "0.10.0+3"
  charcode:
    description:
      name: charcode
      url: "https://pub.dartlang.org"
    source: hosted
    version: "1.1.1"
  csslib:
    description:
      name: csslib
      url: "https://pub.dartlang.org"
    source: hosted
    version: "0.14.3"
  html:
    description:
      name: html
      url: "https://pub.dartlang.org"
    source: hosted
    version: "0.13.3"
  js:
    description:
      name: js
      url: "https://pub.dartlang.org"
    source: hosted
    version: "0.6.1"
  logging:
    description:
      name: logging
      url: "https://pub.dartlang.org"
    source: hosted
    version: "0.11.3+1"
  path:
    description:
      name: path
      url: "https://pub.dartlang.org"
    source: hosted
    version: "1.5.1"
  source_span:
    description:
      name: source_span
      url: "https://pub.dartlang.org"
    source: hosted
    version: "1.4.0"
  utf:
    description:
      name: utf
      url: "https://pub.dartlang.org"
    source: hosted
    version: "0.9.0+3"
sdks:
  dart: ">=1.22.0 <2.0.0"
